
Microsoft Visual Studio Solution File, Format Version 12.00
# Visual Studio Version 17
VisualStudioVersion = 17.12.35527.113
MinimumVisualStudioVersion = 10.0.40219.1
Project("{FAE04EC0-301F-11D3-BF4B-00C04F79EFBC}") = "DigiShopping", "DigiShopping\DigiShopping.csproj", "{DFDA462A-536F-19C6-B072-1E2A9CC052D6}"
EndProject
Project("{FAE04EC0-301F-11D3-BF4B-00C04F79EFBC}") = "DigiShopping.Tests", "DigiShopping.Tests\DigiShopping.Tests.csproj", "{B532CBA0-8BC9-6687-639E-5698DD9C0103}"
EndProject
Global
	GlobalSection(SolutionConfigurationPlatforms) = preSolution
		Debug|Any CPU = Debug|Any CPU
		Release|Any CPU = Release|Any CPU
	EndGlobalSection
	GlobalSection(ProjectConfigurationPlatforms) = postSolution
		{DFDA462A-536F-19C6-B072-1E2A9CC052D6}.Debug|Any CPU.ActiveCfg = Debug|Any CPU
		{DFDA462A-536F-19C6-B072-1E2A9CC052D6}.Debug|Any CPU.Build.0 = Debug|Any CPU
		{DFDA462A-536F-19C6-B072-1E2A9CC052D6}.Release|Any CPU.ActiveCfg = Release|Any CPU
		{DFDA462A-536F-19C6-B072-1E2A9CC052D6}.Release|Any CPU.Build.0 = Release|Any CPU
		{B532CBA0-8BC9-6687-639E-5698DD9C0103}.Debug|Any CPU.ActiveCfg = Debug|Any CPU
		{B532CBA0-8BC9-6687-639E-5698DD9C0103}.Debug|Any CPU.Build.0 = Debug|Any CPU
		{B532CBA0-8BC9-6687-639E-5698DD9C0103}.Release|Any CPU.ActiveCfg = Release|Any CPU
		{B532CBA0-8BC9-6687-639E-5698DD9C0103}.Release|Any CPU.Build.0 = Release|Any CPU
	EndGlobalSection
	GlobalSection(SolutionProperties) = preSolution
		HideSolutionNode = FALSE
	EndGlobalSection
	GlobalSection(ExtensibilityGlobals) = postSolution
		SolutionGuid = {11F21E38-9710-4E01-8488-CE42C396E8E3}
	EndGlobalSection
EndGlobal
